
Microsoft Visual Studio Solution File, Format Version 12.00
# Visual Studio Version 16
VisualStudioVersion = 16.0.32602.291
MinimumVisualStudioVersion = 10.0.40219.1
Project("{FAE04EC0-301F-11D3-BF4B-00C04F79EFBC}") = "testando_tela_boot", "testando_tela_boot.csproj", "{2C9A4E83-446D-481F-8D42-8713DA675E07}"
EndProject
Global
	GlobalSection(SolutionConfigurationPlatforms) = preSolution
		Debug|Any CPU = Debug|Any CPU
		Release|Any CPU = Release|Any CPU
	EndGlobalSection
	GlobalSection(ProjectConfigurationPlatforms) = postSolution
		{2C9A4E83-446D-481F-8D42-8713DA675E07}.Debug|Any CPU.ActiveCfg = Debug|Any CPU
		{2C9A4E83-446D-481F-8D42-8713DA675E07}.Debug|Any CPU.Build.0 = Debug|Any CPU
		{2C9A4E83-446D-481F-8D42-8713DA675E07}.Release|Any CPU.ActiveCfg = Release|Any CPU
		{2C9A4E83-446D-481F-8D42-8713DA675E07}.Release|Any CPU.Build.0 = Release|Any CPU
	EndGlobalSection
	GlobalSection(SolutionProperties) = preSolution
		HideSolutionNode = FALSE
	EndGlobalSection
	GlobalSection(ExtensibilityGlobals) = postSolution
		SolutionGuid = {310E14F1-A560-4ECF-8C39-AB197E559795}
	EndGlobalSection
EndGlobal
